
Microsoft Visual Studio Solution File, Format Version 12.00
# Visual Studio Version 17
VisualStudioVersion = 17.0.32014.148
MinimumVisualStudioVersion = 10.0.40219.1
Project("{FAE04EC0-301F-11D3-BF4B-00C04F79EFBC}") = "Blog", "src\Blog\Blog.csproj", "{6FEB3DEC-DB17-44E4-A7FA-E3E27141D14C}"
EndProject
Global
	GlobalSection(SolutionConfigurationPlatforms) = preSolution
		Debug|Any CPU = Debug|Any CPU
		Release|Any CPU = Release|Any CPU
	EndGlobalSection
	GlobalSection(ProjectConfigurationPlatforms) = postSolution
		{6FEB3DEC-DB17-44E4-A7FA-E3E27141D14C}.Debug|Any CPU.ActiveCfg = Debug|Any CPU
		{6FEB3DEC-DB17-44E4-A7FA-E3E27141D14C}.Debug|Any CPU.Build.0 = Debug|Any CPU
		{6FEB3DEC-DB17-44E4-A7FA-E3E27141D14C}.Release|Any CPU.ActiveCfg = Release|Any CPU
		{6FEB3DEC-DB17-44E4-A7FA-E3E27141D14C}.Release|Any CPU.Build.0 = Release|Any CPU
	EndGlobalSection
	GlobalSection(SolutionProperties) = preSolution
		HideSolutionNode = FALSE
	EndGlobalSection
	GlobalSection(ExtensibilityGlobals) = postSolution
		SolutionGuid = {F34D3E31-6A95-4907-B6F6-2075977CE248}
	EndGlobalSection
EndGlobal
